
Microsoft Visual Studio Solution File, Format Version 12.00
# Visual Studio Version 16
VisualStudioVersion = 16.0.30330.147
MinimumVisualStudioVersion = 10.0.40219.1
Project("{FAE04EC0-301F-11D3-BF4B-00C04F79EFBC}") = "console_measurement_converter", "console_measurement_converter\console_measurement_converter.csproj", "{29837639-6433-4567-A917-321C11944A47}"
EndProject
Global
	GlobalSection(SolutionConfigurationPlatforms) = preSolution
		Debug|Any CPU = Debug|Any CPU
		Release|Any CPU = Release|Any CPU
	EndGlobalSection
	GlobalSection(ProjectConfigurationPlatforms) = postSolution
		{29837639-6433-4567-A917-321C11944A47}.Debug|Any CPU.ActiveCfg = Debug|Any CPU
		{29837639-6433-4567-A917-321C11944A47}.Debug|Any CPU.Build.0 = Debug|Any CPU
		{29837639-6433-4567-A917-321C11944A47}.Release|Any CPU.ActiveCfg = Release|Any CPU
		{29837639-6433-4567-A917-321C11944A47}.Release|Any CPU.Build.0 = Release|Any CPU
	EndGlobalSection
	GlobalSection(SolutionProperties) = preSolution
		HideSolutionNode = FALSE
	EndGlobalSection
	GlobalSection(ExtensibilityGlobals) = postSolution
		SolutionGuid = {33AD2CF1-F93E-440C-94EA-6A919F82D29B}
	EndGlobalSection
EndGlobal
